// !$*UTF8*$!
{
	archiveVersion = 1;
	classes = {
	};
	objectVersion = 55;
	objects = {

/* Begin PBXBuildFile section */
		32FCA7BB28C03A190009AD96 /* AppDelegate.swift in Sources */ = {isa = PBXBuildFile; fileRef = 32FCA7BA28C03A190009AD96 /* AppDelegate.swift */; };
		32FCA7BD28C03A190009AD96 /* SceneDelegate.swift in Sources */ = {isa = PBXBuildFile; fileRef = 32FCA7BC28C03A190009AD96 /* SceneDelegate.swift */; };
		32FCA7BF28C03A190009AD96 /* RedViewController.swift in Sources */ = {isa = PBXBuildFile; fileRef = 32FCA7BE28C03A190009AD96 /* RedViewController.swift */; };
		32FCA7C228C03A190009AD96 /* Main.storyboard in Resources */ = {isa = PBXBuildFile; fileRef = 32FCA7C028C03A190009AD96 /* Main.storyboard */; };
		32FCA7C428C03A1B0009AD96 /* Assets.xcassets in Resources */ = {isa = PBXBuildFile; fileRef = 32FCA7C328C03A1B0009AD96 /* Assets.xcassets */; };
		32FCA7C728C03A1B0009AD96 /* LaunchScreen.storyboard in Resources */ = {isa = PBXBuildFile; fileRef = 32FCA7C528C03A1B0009AD96 /* LaunchScreen.storyboard */; };
		32FCA7CF28C03D5E0009AD96 /* GreenViewController.swift in Sources */ = {isa = PBXBuildFile; fileRef = 32FCA7CE28C03D5E0009AD96 /* GreenViewController.swift */; };
/* End PBXBuildFile section */

/* Begin PBXFileReference section */
		32FCA7B728C03A190009AD96 /* RKKadai8.app */ = {isa = PBXFileReference; explicitFileType = wrapper.application; includeInIndex = 0; path = RKKadai8.app; sourceTree = BUILT_PRODUCTS_DIR; };
		32FCA7BA28C03A190009AD96 /* AppDelegate.swift */ = {isa = PBXFileReference; lastKnownFileType = sourcecode.swift; path = AppDelegate.swift; sourceTree = "<group>"; };
		32FCA7BC28C03A190009AD96 /* SceneDelegate.swift */ = {isa = PBXFileReference; lastKnownFileType = sourcecode.swift; path = SceneDelegate.swift; sourceTree = "<group>"; };
		32FCA7BE28C03A190009AD96 /* RedViewController.swift */ = {isa = PBXFileReference; lastKnownFileType = sourcecode.swift; path = RedViewController.swift; sourceTree = "<group>"; };
		32FCA7C128C03A190009AD96 /* Base */ = {isa = PBXFileReference; lastKnownFileType = file.storyboard; name = Base; path = Base.lproj/Main.storyboard; sourceTree = "<group>"; };
		32FCA7C328C03A1B0009AD96 /* Assets.xcassets */ = {isa = PBXFileReference; lastKnownFileType = folder.assetcatalog; path = Assets.xcassets; sourceTree = "<group>"; };
		32FCA7C628C03A1B0009AD96 /* Base */ = {isa = PBXFileReference; lastKnownFileType = file.storyboard; name = Base; path = Base.lproj/LaunchScreen.storyboard; sourceTree = "<group>"; };
		32FCA7C828C03A1B0009AD96 /* Info.plist */ = {isa = PBXFileReference; lastKnownFileType = text.plist.xml; path = Info.plist; sourceTree = "<group>"; };
		32FCA7CE28C03D5E0009AD96 /* GreenViewController.swift */ = {isa = PBXFileReference; lastKnownFileType = sourcecode.swift; path = GreenViewController.swift; sourceTree = "<group>"; };
/* End PBXFileReference section */

/* Begin PBXFrameworksBuildPhase section */
		32FCA7B428C03A190009AD96 /* Frameworks */ = {
			isa = PBXFrameworksBuildPhase;
			buildActionMask = 2147483647;
			files = (
			);
			runOnlyForDeploymentPostprocessing = 0;
		};
/* End PBXFrameworksBuildPhase section */

/* Begin PBXGroup section */
		32FCA7AE28C03A190009AD96 = {
			isa = PBXGroup;
			children = (
				32FCA7B928C03A190009AD96 /* RKKadai8 */,
				32FCA7B828C03A190009AD96 /* Products */,
			);
			sourceTree = "<group>";
		};
		32FCA7B828C03A190009AD96 /* Products */ = {
			isa = PBXGroup;
			children = (
				32FCA7B728C03A190009AD96 /* RKKadai8.app */,
			);
			name = Products;
			sourceTree = "<group>";
		};
		32FCA7B928C03A190009AD96 /* RKKadai8 */ = {
			isa = PBXGroup;
			children = (
				32FCA7BA28C03A190009AD96 /* AppDelegate.swift */,
				32FCA7BC28C03A190009AD96 /* SceneDelegate.swift */,
				32FCA7BE28C03A190009AD96 /* RedViewController.swift */,
				32FCA7CE28C03D5E0009AD96 /* GreenViewController.swift */,
				32FCA7C028C03A190009AD96 /* Main.storyboard */,
				32FCA7C328C03A1B0009AD96 /* Assets.xcassets */,
				32FCA7C528C03A1B0009AD96 /* LaunchScreen.storyboard */,
				32FCA7C828C03A1B0009AD96 /* Info.plist */,
			);
			path = RKKadai8;
			sourceTree = "<group>";
		};
/* End PBXGroup section */

/* Begin PBXNativeTarget section */
		32FCA7B628C03A190009AD96 /* RKKadai8 */ = {
			isa = PBXNativeTarget;
			buildConfigurationList = 32FCA7CB28C03A1B0009AD96 /* Build configuration list for PBXNativeTarget "RKKadai8" */;
			buildPhases = (
				32FCA7B328C03A190009AD96 /* Sources */,
				32FCA7B428C03A190009AD96 /* Frameworks */,
				32FCA7B528C03A190009AD96 /* Resources */,
				32FCA7D028C0BE370009AD96 /* ShellScript */,
			);
			buildRules = (
			);
			dependencies = (
			);
			name = RKKadai8;
			productName = RKKadai8;
			productReference = 32FCA7B728C03A190009AD96 /* RKKadai8.app */;
			productType = "com.apple.product-type.application";
		};
/* End PBXNativeTarget section */

/* Begin PBXProject section */
		32FCA7AF28C03A190009AD96 /* Project object */ = {
			isa = PBXProject;
			attributes = {
				BuildIndependentTargetsInParallel = 1;
				LastSwiftUpdateCheck = 1310;
				LastUpgradeCheck = 1310;
				TargetAttributes = {
					32FCA7B628C03A190009AD96 = {
						CreatedOnToolsVersion = 13.1;
					};
				};
			};
			buildConfigurationList = 32FCA7B228C03A190009AD96 /* Build configuration list for PBXProject "RKKadai8" */;
			compatibilityVersion = "Xcode 13.0";
			developmentRegion = en;
			hasScannedForEncodings = 0;
			knownRegions = (
				en,
				Base,
			);
			mainGroup = 32FCA7AE28C03A190009AD96;
			productRefGroup = 32FCA7B828C03A190009AD96 /* Products */;
			projectDirPath = "";
			projectRoot = "";
			targets = (
				32FCA7B628C03A190009AD96 /* RKKadai8 */,
			);
		};
/* End PBXProject section */

/* Begin PBXResourcesBuildPhase section */
		32FCA7B528C03A190009AD96 /* Resources */ = {
			isa = PBXResourcesBuildPhase;
			buildActionMask = 2147483647;
			files = (
				32FCA7C728C03A1B0009AD96 /* LaunchScreen.storyboard in Resources */,
				32FCA7C428C03A1B0009AD96 /* Assets.xcassets in Resources */,
				32FCA7C228C03A190009AD96 /* Main.storyboard in Resources */,
			);
			runOnlyForDeploymentPostprocessing = 0;
		};
/* End PBXResourcesBuildPhase section */

/* Begin PBXShellScriptBuildPhase section */
		32FCA7D028C0BE370009AD96 /* ShellScript */ = {
			isa = PBXShellScriptBuildPhase;
			buildActionMask = 2147483647;
			files = (
			);
			inputFileListPaths = (
			);
			inputPaths = (
			);
			outputFileListPaths = (
			);
			outputPaths = (
			);
			runOnlyForDeploymentPostprocessing = 0;
			shellPath = /bin/sh;
			shellScript = "# Type a script or drag a script file from your workspace to insert its path.\nif which swiftlint >/dev/null; then\n   swiftlint\n else\n   echo \"SwiftLint does not exist, download from https://github.com/realm/SwiftLint\"\n fi\n";
		};
/* End PBXShellScriptBuildPhase section */

/* Begin PBXSourcesBuildPhase section */
		32FCA7B328C03A190009AD96 /* Sources */ = {
			isa = PBXSourcesBuildPhase;
			buildActionMask = 2147483647;
			files = (
				32FCA7CF28C03D5E0009AD96 /* GreenViewController.swift in Sources */,
				32FCA7BF28C03A190009AD96 /* RedViewController.swift in Sources */,
				32FCA7BB28C03A190009AD96 /* AppDelegate.swift in Sources */,
				32FCA7BD28C03A190009AD96 /* SceneDelegate.swift in Sources */,
			);
			runOnlyForDeploymentPostprocessing = 0;
		};
/* End PBXSourcesBuildPhase section */

/* Begin PBXVariantGroup section */
		32FCA7C028C03A190009AD96 /* Main.storyboard */ = {
			isa = PBXVariantGroup;
			children = (
				32FCA7C128C03A190009AD96 /* Base */,
			);
			name = Main.storyboard;
			sourceTree = "<group>";
		};
		32FCA7C528C03A1B0009AD96 /* LaunchScreen.storyboard */ = {
			isa = PBXVariantGroup;
			children = (
				32FCA7C628C03A1B0009AD96 /* Base */,
			);
			name = LaunchScreen.storyboard;
			sourceTree = "<group>";
		};
/* End PBXVariantGroup section */

/* Begin XCBuildConfiguration section */
		32FCA7C928C03A1B0009AD96 /* Debug */ = {
			isa = XCBuildConfiguration;
			buildSettings = {
				ALWAYS_SEARCH_USER_PATHS = NO;
				CLANG_ANALYZER_NONNULL = YES;
				CLANG_ANALYZER_NUMBER_OBJECT_CONVERSION = YES_AGGRESSIVE;
				CLANG_CXX_LANGUAGE_STANDARD = "gnu++17";
				CLANG_CXX_LIBRARY = "libc++";
				CLANG_ENABLE_MODULES = YES;
				CLANG_ENABLE_OBJC_ARC = YES;
				CLANG_ENABLE_OBJC_WEAK = YES;
				CLANG_WARN_BLOCK_CAPTURE_AUTORELEASING = YES;
				CLANG_WARN_BOOL_CONVERSION = YES;
				CLANG_WARN_COMMA = YES;
				CLANG_WARN_CONSTANT_CONVERSION = YES;
				CLANG_WARN_DEPRECATED_OBJC_IMPLEMENTATIONS = YES;
				CLANG_WARN_DIRECT_OBJC_ISA_USAGE = YES_ERROR;
				CLANG_WARN_DOCUMENTATION_COMMENTS = YES;
				CLANG_WARN_EMPTY_BODY = YES;
				CLANG_WARN_ENUM_CONVERSION = YES;
				CLANG_WARN_INFINITE_RECURSION = YES;
				CLANG_WARN_INT_CONVERSION = YES;
				CLANG_WARN_NON_LITERAL_NULL_CONVERSION = YES;
				CLANG_WARN_OBJC_IMPLICIT_RETAIN_SELF = YES;
				CLANG_WARN_OBJC_LITERAL_CONVERSION = YES;
				CLANG_WARN_OBJC_ROOT_CLASS = YES_ERROR;
				CLANG_WARN_QUOTED_INCLUDE_IN_FRAMEWORK_HEADER = YES;
				CLANG_WARN_RANGE_LOOP_ANALYSIS = YES;
				CLANG_WARN_STRICT_PROTOTYPES = YES;
				CLANG_WARN_SUSPICIOUS_MOVE = YES;
				CLANG_WARN_UNGUARDED_AVAILABILITY = YES_AGGRESSIVE;
				CLANG_WARN_UNREACHABLE_CODE = YES;
				CLANG_WARN__DUPLICATE_METHOD_MATCH = YES;
				COPY_PHASE_STRIP = NO;
				DEBUG_INFORMATION_FORMAT = dwarf;
				ENABLE_STRICT_OBJC_MSGSEND = YES;
				ENABLE_TESTABILITY = YES;
				GCC_C_LANGUAGE_STANDARD = gnu11;
				GCC_DYNAMIC_NO_PIC = NO;
				GCC_NO_COMMON_BLOCKS = YES;
				GCC_OPTIMIZATION_LEVEL = 0;
				GCC_PREPROCESSOR_DEFINITIONS = (
					"DEBUG=1",
					"$(inherited)",
				);
				GCC_WARN_64_TO_32_BIT_CONVERSION = YES;
				GCC_WARN_ABOUT_RETURN_TYPE = YES_ERROR;
				GCC_WARN_UNDECLARED_SELECTOR = YES;
				GCC_WARN_UNINITIALIZED_AUTOS = YES_AGGRESSIVE;
				GCC_WARN_UNUSED_FUNCTION = YES;
				GCC_WARN_UNUSED_VARIABLE = YES;
				IPHONEOS_DEPLOYMENT_TARGET = 15.0;
				MTL_ENABLE_DEBUG_INFO = INCLUDE_SOURCE;
				MTL_FAST_MATH = YES;
				ONLY_ACTIVE_ARCH = YES;
				SDKROOT = iphoneos;
				SWIFT_ACTIVE_COMPILATION_CONDITIONS = DEBUG;
				SWIFT_OPTIMIZATION_LEVEL = "-Onone";
			};
			name = Debug;
		};
		32FCA7CA28C03A1B0009AD96 /* Release */ = {
			isa = XCBuildConfiguration;
			buildSettings = {
				ALWAYS_SEARCH_USER_PATHS = NO;
				CLANG_ANALYZER_NONNULL = YES;
				CLANG_ANALYZER_NUMBER_OBJECT_CONVERSION = YES_AGGRESSIVE;
				CLANG_CXX_LANGUAGE_STANDARD = "gnu++17";
				CLANG_CXX_LIBRARY = "libc++";
				CLANG_ENABLE_MODULES = YES;
				CLANG_ENABLE_OBJC_ARC = YES;
				CLANG_ENABLE_OBJC_WEAK = YES;
				CLANG_WARN_BLOCK_CAPTURE_AUTORELEASING = YES;
				CLANG_WARN_BOOL_CONVERSION = YES;
				CLANG_WARN_COMMA = YES;
				CLANG_WARN_CONSTANT_CONVERSION = YES;
				CLANG_WARN_DEPRECATED_OBJC_IMPLEMENTATIONS = YES;
				CLANG_WARN_DIRECT_OBJC_ISA_USAGE = YES_ERROR;
				CLANG_WARN_DOCUMENTATION_COMMENTS = YES;
				CLANG_WARN_EMPTY_BODY = YES;
				CLANG_WARN_ENUM_CONVERSION = YES;
				CLANG_WARN_INFINITE_RECURSION = YES;
				CLANG_WARN_INT_CONVERSION = YES;
				CLANG_WARN_NON_LITERAL_NULL_CONVERSION = YES;
				CLANG_WARN_OBJC_IMPLICIT_RETAIN_SELF = YES;
				CLANG_WARN_OBJC_LITERAL_CONVERSION = YES;
				CLANG_WARN_OBJC_ROOT_CLASS = YES_ERROR;
				CLANG_WARN_QUOTED_INCLUDE_IN_FRAMEWORK_HEADER = YES;
				CLANG_WARN_RANGE_LOOP_ANALYSIS = YES;
				CLANG_WARN_STRICT_PROTOTYPES = YES;
				CLANG_WARN_SUSPICIOUS_MOVE = YES;
				CLANG_WARN_UNGUARDED_AVAILABILITY = YES_AGGRESSIVE;
				CLANG_WARN_UNREACHABLE_CODE = YES;
				CLANG_WARN__DUPLICATE_METHOD_MATCH = YES;
				COPY_PHASE_STRIP = NO;
				DEBUG_INFORMATION_FORMAT = "dwarf-with-dsym";
				ENABLE_NS_ASSERTIONS = NO;
				ENABLE_STRICT_OBJC_MSGSEND = YES;
				GCC_C_LANGUAGE_STANDARD = gnu11;
				GCC_NO_COMMON_BLOCKS = YES;
				GCC_WARN_64_TO_32_BIT_CONVERSION = YES;
				GCC_WARN_ABOUT_RETURN_TYPE = YES_ERROR;
				GCC_WARN_UNDECLARED_SELECTOR = YES;
				GCC_WARN_UNINITIALIZED_AUTOS = YES_AGGRESSIVE;
				GCC_WARN_UNUSED_FUNCTION = YES;
				GCC_WARN_UNUSED_VARIABLE = YES;
				IPHONEOS_DEPLOYMENT_TARGET = 15.0;
				MTL_ENABLE_DEBUG_INFO = NO;
				MTL_FAST_MATH = YES;
				SDKROOT = iphoneos;
				SWIFT_COMPILATION_MODE = wholemodule;
				SWIFT_OPTIMIZATION_LEVEL = "-O";
				VALIDATE_PRODUCT = YES;
			};
			name = Release;
		};
		32FCA7CC28C03A1B0009AD96 /* Debug */ = {
			isa = XCBuildConfiguration;
			buildSettings = {
				ASSETCATALOG_COMPILER_APPICON_NAME = AppIcon;
				ASSETCATALOG_COMPILER_GLOBAL_ACCENT_COLOR_NAME = AccentColor;
				CODE_SIGN_STYLE = Automatic;
				CURRENT_PROJECT_VERSION = 1;
				DEVELOPMENT_TEAM = GMALG5A3X7;
				GENERATE_INFOPLIST_FILE = YES;
				INFOPLIST_FILE = RKKadai8/Info.plist;
				INFOPLIST_KEY_UIApplicationSupportsIndirectInputEvents = YES;
				INFOPLIST_KEY_UILaunchStoryboardName = LaunchScreen;
				INFOPLIST_KEY_UIMainStoryboardFile = Main;
				INFOPLIST_KEY_UISupportedInterfaceOrientations_iPad = "UIInterfaceOrientationPortrait UIInterfaceOrientationPortraitUpsideDown UIInterfaceOrientationLandscapeLeft UIInterfaceOrientationLandscapeRight";
				INFOPLIST_KEY_UISupportedInterfaceOrientations_iPhone = "UIInterfaceOrientationPortrait UIInterfaceOrientationLandscapeLeft UIInterfaceOrientationLandscapeRight";
				LD_RUNPATH_SEARCH_PATHS = (
					"$(inherited)",
					"@executable_path/Frameworks",
				);
				MARKETING_VERSION = 1.0;
				PRODUCT_BUNDLE_IDENTIFIER = RikuKasai.RKKadai8;
				PRODUCT_NAME = "$(TARGET_NAME)";
				SWIFT_EMIT_LOC_STRINGS = YES;
				SWIFT_VERSION = 5.0;
				TARGETED_DEVICE_FAMILY = "1,2";
			};
			name = Debug;
		};
		32FCA7CD28C03A1B0009AD96 /* Release */ = {
			isa = XCBuildConfiguration;
			buildSettings = {
				ASSETCATALOG_COMPILER_APPICON_NAME = AppIcon;
				ASSETCATALOG_COMPILER_GLOBAL_ACCENT_COLOR_NAME = AccentColor;
				CODE_SIGN_STYLE = Automatic;
				CURRENT_PROJECT_VERSION = 1;
				DEVELOPMENT_TEAM = GMALG5A3X7;
				GENERATE_INFOPLIST_FILE = YES;
				INFOPLIST_FILE = RKKadai8/Info.plist;
				INFOPLIST_KEY_UIApplicationSupportsIndirectInputEvents = YES;
				INFOPLIST_KEY_UILaunchStoryboardName = LaunchScreen;
				INFOPLIST_KEY_UIMainStoryboardFile = Main;
				INFOPLIST_KEY_UISupportedInterfaceOrientations_iPad = "UIInterfaceOrientationPortrait UIInterfaceOrientationPortraitUpsideDown UIInterfaceOrientationLandscapeLeft UIInterfaceOrientationLandscapeRight";
				INFOPLIST_KEY_UISupportedInterfaceOrientations_iPhone = "UIInterfaceOrientationPortrait UIInterfaceOrientationLandscapeLeft UIInterfaceOrientationLandscapeRight";
				LD_RUNPATH_SEARCH_PATHS = (
					"$(inherited)",
					"@executable_path/Frameworks",
				);
				MARKETING_VERSION = 1.0;
				PRODUCT_BUNDLE_IDENTIFIER = RikuKasai.RKKadai8;
				PRODUCT_NAME = "$(TARGET_NAME)";
				SWIFT_EMIT_LOC_STRINGS = YES;
				SWIFT_VERSION = 5.0;
				TARGETED_DEVICE_FAMILY = "1,2";
			};
			name = Release;
		};
/* End XCBuildConfiguration section */

/* Begin XCConfigurationList section */
		32FCA7B228C03A190009AD96 /* Build configuration list for PBXProject "RKKadai8" */ = {
			isa = XCConfigurationList;
			buildConfigurations = (
				32FCA7C928C03A1B0009AD96 /* Debug */,
				32FCA7CA28C03A1B0009AD96 /* Release */,
			);
			defaultConfigurationIsVisible = 0;
			defaultConfigurationName = Release;
		};
		32FCA7CB28C03A1B0009AD96 /* Build configuration list for PBXNativeTarget "RKKadai8" */ = {
			isa = XCConfigurationList;
			buildConfigurations = (
				32FCA7CC28C03A1B0009AD96 /* Debug */,
				32FCA7CD28C03A1B0009AD96 /* Release */,
			);
			defaultConfigurationIsVisible = 0;
			defaultConfigurationName = Release;
		};
/* End XCConfigurationList section */
	};
	rootObject = 32FCA7AF28C03A190009AD96 /* Project object */;
}
